
Microsoft Visual Studio Solution File, Format Version 12.00
Project("{2150E333-8FDC-42A3-9474-1A3956D46DE8}") = "src", "src", "{2F203169-9DC4-4B9D-B8FD-F93264EDA93D}"
EndProject
Project("{2150E333-8FDC-42A3-9474-1A3956D46DE8}") = "tests", "tests", "{637418EA-F64B-45DF-8CC2-30F492DCDACE}"
EndProject
Project("{2150E333-8FDC-42A3-9474-1A3956D46DE8}") = "BuildingBlocks", "BuildingBlocks", "{803DB574-FCD7-4A6F-9574-421BFE6F4E81}"
EndProject
Project("{2150E333-8FDC-42A3-9474-1A3956D46DE8}") = "Services", "Services", "{8E2C431B-4333-4196-A9F3-F14757E7FD64}"
EndProject
Project("{2150E333-8FDC-42A3-9474-1A3956D46DE8}") = "Catalog", "Catalog", "{3B511D11-59E2-45F1-8DA9-0193EBEE0060}"
EndProject
Project("{FAE04EC0-301F-11D3-BF4B-00C04F79EFBC}") = "Catalog.API", "src\Services\Catalog\Catalog.API\Catalog.API.csproj", "{621E91E1-5F50-4EF2-B7B2-F5BF6BF7EBAC}"
EndProject
Project("{2150E333-8FDC-42A3-9474-1A3956D46DE8}") = "Notifications", "Notifications", "{FE7B070C-E30B-4882-A522-11B87E0EBC1F}"
EndProject
Project("{2150E333-8FDC-42A3-9474-1A3956D46DE8}") = "Cart", "Cart", "{B17C71BF-492E-4971-8985-1B643859281E}"
EndProject
Project("{FAE04EC0-301F-11D3-BF4B-00C04F79EFBC}") = "Cart.API", "src\Services\Cart\Cart.API\Cart.API.csproj", "{6A734B84-BCEE-4D0B-84DA-8DD134A379BB}"
EndProject
Project("{FAE04EC0-301F-11D3-BF4B-00C04F79EFBC}") = "Notifications.API", "src\Services\Notifications\Notifications.API\Notifications.API.csproj", "{A1B6835A-D9B5-4AC7-B61F-BF10289F672F}"
EndProject
Project("{FAE04EC0-301F-11D3-BF4B-00C04F79EFBC}") = "AppHost", "src\AppHost\AppHost.csproj", "{68B6F7D7-A62B-4FDA-A136-1BEC210D238C}"
EndProject
Project("{FAE04EC0-301F-11D3-BF4B-00C04F79EFBC}") = "ServiceDefaults", "src\ServiceDefaults\ServiceDefaults.csproj", "{72788C6C-522B-439E-8716-2542610C09B2}"
EndProject
Project("{FAE04EC0-301F-11D3-BF4B-00C04F79EFBC}") = "Common", "src\BuildingBlocks\Common\Common.csproj", "{D6C5E765-AFF5-4B67-8511-69060E8123DB}"
EndProject
Project("{2150E333-8FDC-42A3-9474-1A3956D46DE8}") = "Users", "Users", "{68F2D68A-D5CB-4EC3-8D9F-FB66BA15D80B}"
EndProject
Project("{FAE04EC0-301F-11D3-BF4B-00C04F79EFBC}") = "Users.API", "src\Services\Users\Users.API\Users.API.csproj", "{2157D10F-49D4-4C50-A9AE-D1458A7DF8AA}"
EndProject
Project("{FAE04EC0-301F-11D3-BF4B-00C04F79EFBC}") = "Users.Infrastructure", "src\Services\Users\Users.Infrastructure\Users.Infrastructure.csproj", "{1DD197E2-8DF9-435D-A570-3389595AA1EE}"
EndProject
Project("{FAE04EC0-301F-11D3-BF4B-00C04F79EFBC}") = "Users.Application", "src\Services\Users\Users.Application\Users.Application.csproj", "{6ACFF75C-1948-4EB5-B28B-A46AD7F66BDC}"
EndProject
Project("{FAE04EC0-301F-11D3-BF4B-00C04F79EFBC}") = "Users.Core", "src\Services\Users\Users.Core\Users.Core.csproj", "{E840E508-46A0-4DF3-B6A2-9EC95866F491}"
EndProject
Project("{FAE04EC0-301F-11D3-BF4B-00C04F79EFBC}") = "Users.Tests", "tests\Users.Tests\Users.Tests.csproj", "{07EC6CF1-8C9A-4E48-B677-B48E60B8CB9F}"
EndProject
Project("{FAE04EC0-301F-11D3-BF4B-00C04F79EFBC}") = "Catalog.Core", "src\Services\Catalog\Catalog.Core\Catalog.Core.csproj", "{14AD76F3-BFC4-4FE9-AF45-90F38DA9D05E}"
EndProject
Project("{FAE04EC0-301F-11D3-BF4B-00C04F79EFBC}") = "Catalog.Application", "src\Services\Catalog\Catalog.Application\Catalog.Application.csproj", "{07355895-3D10-4579-80DF-770E4F56EDAA}"
EndProject
Project("{FAE04EC0-301F-11D3-BF4B-00C04F79EFBC}") = "Catalog.Infrastructure", "src\Services\Catalog\Catalog.Infrastructure\Catalog.Infrastructure.csproj", "{5119FCE7-EC2C-4CA1-ACDE-8208BAB54BD4}"
EndProject
Global
	GlobalSection(SolutionConfigurationPlatforms) = preSolution
		Debug|Any CPU = Debug|Any CPU
		Release|Any CPU = Release|Any CPU
	EndGlobalSection
	GlobalSection(ProjectConfigurationPlatforms) = postSolution
		{621E91E1-5F50-4EF2-B7B2-F5BF6BF7EBAC}.Debug|Any CPU.ActiveCfg = Debug|Any CPU
		{621E91E1-5F50-4EF2-B7B2-F5BF6BF7EBAC}.Debug|Any CPU.Build.0 = Debug|Any CPU
		{621E91E1-5F50-4EF2-B7B2-F5BF6BF7EBAC}.Release|Any CPU.ActiveCfg = Release|Any CPU
		{621E91E1-5F50-4EF2-B7B2-F5BF6BF7EBAC}.Release|Any CPU.Build.0 = Release|Any CPU
		{6A734B84-BCEE-4D0B-84DA-8DD134A379BB}.Debug|Any CPU.ActiveCfg = Debug|Any CPU
		{6A734B84-BCEE-4D0B-84DA-8DD134A379BB}.Debug|Any CPU.Build.0 = Debug|Any CPU
		{6A734B84-BCEE-4D0B-84DA-8DD134A379BB}.Release|Any CPU.ActiveCfg = Release|Any CPU
		{6A734B84-BCEE-4D0B-84DA-8DD134A379BB}.Release|Any CPU.Build.0 = Release|Any CPU
		{A1B6835A-D9B5-4AC7-B61F-BF10289F672F}.Debug|Any CPU.ActiveCfg = Debug|Any CPU
		{A1B6835A-D9B5-4AC7-B61F-BF10289F672F}.Debug|Any CPU.Build.0 = Debug|Any CPU
		{A1B6835A-D9B5-4AC7-B61F-BF10289F672F}.Release|Any CPU.ActiveCfg = Release|Any CPU
		{A1B6835A-D9B5-4AC7-B61F-BF10289F672F}.Release|Any CPU.Build.0 = Release|Any CPU
		{68B6F7D7-A62B-4FDA-A136-1BEC210D238C}.Debug|Any CPU.ActiveCfg = Debug|Any CPU
		{68B6F7D7-A62B-4FDA-A136-1BEC210D238C}.Debug|Any CPU.Build.0 = Debug|Any CPU
		{68B6F7D7-A62B-4FDA-A136-1BEC210D238C}.Release|Any CPU.ActiveCfg = Release|Any CPU
		{68B6F7D7-A62B-4FDA-A136-1BEC210D238C}.Release|Any CPU.Build.0 = Release|Any CPU
		{72788C6C-522B-439E-8716-2542610C09B2}.Debug|Any CPU.ActiveCfg = Debug|Any CPU
		{72788C6C-522B-439E-8716-2542610C09B2}.Debug|Any CPU.Build.0 = Debug|Any CPU
		{72788C6C-522B-439E-8716-2542610C09B2}.Release|Any CPU.ActiveCfg = Release|Any CPU
		{72788C6C-522B-439E-8716-2542610C09B2}.Release|Any CPU.Build.0 = Release|Any CPU
		{D6C5E765-AFF5-4B67-8511-69060E8123DB}.Debug|Any CPU.ActiveCfg = Debug|Any CPU
		{D6C5E765-AFF5-4B67-8511-69060E8123DB}.Debug|Any CPU.Build.0 = Debug|Any CPU
		{D6C5E765-AFF5-4B67-8511-69060E8123DB}.Release|Any CPU.ActiveCfg = Release|Any CPU
		{D6C5E765-AFF5-4B67-8511-69060E8123DB}.Release|Any CPU.Build.0 = Release|Any CPU
		{2157D10F-49D4-4C50-A9AE-D1458A7DF8AA}.Debug|Any CPU.ActiveCfg = Debug|Any CPU
		{2157D10F-49D4-4C50-A9AE-D1458A7DF8AA}.Debug|Any CPU.Build.0 = Debug|Any CPU
		{2157D10F-49D4-4C50-A9AE-D1458A7DF8AA}.Release|Any CPU.ActiveCfg = Release|Any CPU
		{2157D10F-49D4-4C50-A9AE-D1458A7DF8AA}.Release|Any CPU.Build.0 = Release|Any CPU
		{1DD197E2-8DF9-435D-A570-3389595AA1EE}.Debug|Any CPU.ActiveCfg = Debug|Any CPU
		{1DD197E2-8DF9-435D-A570-3389595AA1EE}.Debug|Any CPU.Build.0 = Debug|Any CPU
		{1DD197E2-8DF9-435D-A570-3389595AA1EE}.Release|Any CPU.ActiveCfg = Release|Any CPU
		{1DD197E2-8DF9-435D-A570-3389595AA1EE}.Release|Any CPU.Build.0 = Release|Any CPU
		{6ACFF75C-1948-4EB5-B28B-A46AD7F66BDC}.Debug|Any CPU.ActiveCfg = Debug|Any CPU
		{6ACFF75C-1948-4EB5-B28B-A46AD7F66BDC}.Debug|Any CPU.Build.0 = Debug|Any CPU
		{6ACFF75C-1948-4EB5-B28B-A46AD7F66BDC}.Release|Any CPU.ActiveCfg = Release|Any CPU
		{6ACFF75C-1948-4EB5-B28B-A46AD7F66BDC}.Release|Any CPU.Build.0 = Release|Any CPU
		{E840E508-46A0-4DF3-B6A2-9EC95866F491}.Debug|Any CPU.ActiveCfg = Debug|Any CPU
		{E840E508-46A0-4DF3-B6A2-9EC95866F491}.Debug|Any CPU.Build.0 = Debug|Any CPU
		{E840E508-46A0-4DF3-B6A2-9EC95866F491}.Release|Any CPU.ActiveCfg = Release|Any CPU
		{E840E508-46A0-4DF3-B6A2-9EC95866F491}.Release|Any CPU.Build.0 = Release|Any CPU
		{07EC6CF1-8C9A-4E48-B677-B48E60B8CB9F}.Debug|Any CPU.ActiveCfg = Debug|Any CPU
		{07EC6CF1-8C9A-4E48-B677-B48E60B8CB9F}.Debug|Any CPU.Build.0 = Debug|Any CPU
		{07EC6CF1-8C9A-4E48-B677-B48E60B8CB9F}.Release|Any CPU.ActiveCfg = Release|Any CPU
		{07EC6CF1-8C9A-4E48-B677-B48E60B8CB9F}.Release|Any CPU.Build.0 = Release|Any CPU
		{14AD76F3-BFC4-4FE9-AF45-90F38DA9D05E}.Debug|Any CPU.ActiveCfg = Debug|Any CPU
		{14AD76F3-BFC4-4FE9-AF45-90F38DA9D05E}.Debug|Any CPU.Build.0 = Debug|Any CPU
		{14AD76F3-BFC4-4FE9-AF45-90F38DA9D05E}.Release|Any CPU.ActiveCfg = Release|Any CPU
		{14AD76F3-BFC4-4FE9-AF45-90F38DA9D05E}.Release|Any CPU.Build.0 = Release|Any CPU
		{07355895-3D10-4579-80DF-770E4F56EDAA}.Debug|Any CPU.ActiveCfg = Debug|Any CPU
		{07355895-3D10-4579-80DF-770E4F56EDAA}.Debug|Any CPU.Build.0 = Debug|Any CPU
		{07355895-3D10-4579-80DF-770E4F56EDAA}.Release|Any CPU.ActiveCfg = Release|Any CPU
		{07355895-3D10-4579-80DF-770E4F56EDAA}.Release|Any CPU.Build.0 = Release|Any CPU
		{5119FCE7-EC2C-4CA1-ACDE-8208BAB54BD4}.Debug|Any CPU.ActiveCfg = Debug|Any CPU
		{5119FCE7-EC2C-4CA1-ACDE-8208BAB54BD4}.Debug|Any CPU.Build.0 = Debug|Any CPU
		{5119FCE7-EC2C-4CA1-ACDE-8208BAB54BD4}.Release|Any CPU.ActiveCfg = Release|Any CPU
		{5119FCE7-EC2C-4CA1-ACDE-8208BAB54BD4}.Release|Any CPU.Build.0 = Release|Any CPU
	EndGlobalSection
	GlobalSection(NestedProjects) = preSolution
		{803DB574-FCD7-4A6F-9574-421BFE6F4E81} = {2F203169-9DC4-4B9D-B8FD-F93264EDA93D}
		{8E2C431B-4333-4196-A9F3-F14757E7FD64} = {2F203169-9DC4-4B9D-B8FD-F93264EDA93D}
		{3B511D11-59E2-45F1-8DA9-0193EBEE0060} = {8E2C431B-4333-4196-A9F3-F14757E7FD64}
		{621E91E1-5F50-4EF2-B7B2-F5BF6BF7EBAC} = {3B511D11-59E2-45F1-8DA9-0193EBEE0060}
		{FE7B070C-E30B-4882-A522-11B87E0EBC1F} = {8E2C431B-4333-4196-A9F3-F14757E7FD64}
		{B17C71BF-492E-4971-8985-1B643859281E} = {8E2C431B-4333-4196-A9F3-F14757E7FD64}
		{6A734B84-BCEE-4D0B-84DA-8DD134A379BB} = {B17C71BF-492E-4971-8985-1B643859281E}
		{A1B6835A-D9B5-4AC7-B61F-BF10289F672F} = {FE7B070C-E30B-4882-A522-11B87E0EBC1F}
		{68B6F7D7-A62B-4FDA-A136-1BEC210D238C} = {2F203169-9DC4-4B9D-B8FD-F93264EDA93D}
		{72788C6C-522B-439E-8716-2542610C09B2} = {2F203169-9DC4-4B9D-B8FD-F93264EDA93D}
		{D6C5E765-AFF5-4B67-8511-69060E8123DB} = {803DB574-FCD7-4A6F-9574-421BFE6F4E81}
		{68F2D68A-D5CB-4EC3-8D9F-FB66BA15D80B} = {8E2C431B-4333-4196-A9F3-F14757E7FD64}
		{2157D10F-49D4-4C50-A9AE-D1458A7DF8AA} = {68F2D68A-D5CB-4EC3-8D9F-FB66BA15D80B}
		{1DD197E2-8DF9-435D-A570-3389595AA1EE} = {68F2D68A-D5CB-4EC3-8D9F-FB66BA15D80B}
		{6ACFF75C-1948-4EB5-B28B-A46AD7F66BDC} = {68F2D68A-D5CB-4EC3-8D9F-FB66BA15D80B}
		{E840E508-46A0-4DF3-B6A2-9EC95866F491} = {68F2D68A-D5CB-4EC3-8D9F-FB66BA15D80B}
		{07EC6CF1-8C9A-4E48-B677-B48E60B8CB9F} = {637418EA-F64B-45DF-8CC2-30F492DCDACE}
		{14AD76F3-BFC4-4FE9-AF45-90F38DA9D05E} = {3B511D11-59E2-45F1-8DA9-0193EBEE0060}
		{07355895-3D10-4579-80DF-770E4F56EDAA} = {3B511D11-59E2-45F1-8DA9-0193EBEE0060}
		{5119FCE7-EC2C-4CA1-ACDE-8208BAB54BD4} = {3B511D11-59E2-45F1-8DA9-0193EBEE0060}
	EndGlobalSection
EndGlobal
