
Microsoft Visual Studio Solution File, Format Version 12.00
# Visual Studio Version 17
VisualStudioVersion = 17.14.36518.9
MinimumVisualStudioVersion = 10.0.40219.1
Project("{2150E333-8FDC-42A3-9474-1A3956D46DE8}") = "src", "src", "{2C778FF8-4004-41A5-A492-00FB17E3BEE8}"
EndProject
Project("{FAE04EC0-301F-11D3-BF4B-00C04F79EFBC}") = "Aspire.AppHost", "src\Aspire.AppHost\Aspire.AppHost.csproj", "{06AD1ECF-2DC3-4BB0-A2FB-D4B2930D222A}"
EndProject
Project("{FAE04EC0-301F-11D3-BF4B-00C04F79EFBC}") = "Aspire.ServiceDefaults", "src\Aspire.ServiceDefaults\Aspire.ServiceDefaults.csproj", "{6981251E-01C7-4F55-92CA-EDE5E8059197}"
EndProject
Project("{2150E333-8FDC-42A3-9474-1A3956D46DE8}") = "Services", "Services", "{74ABE1A3-178C-4257-81B2-C40BAA4C05C9}"
EndProject
Project("{2150E333-8FDC-42A3-9474-1A3956D46DE8}") = "Auth", "Auth", "{7832BFA6-E97F-48E9-9406-8FCC785CFDF0}"
EndProject
Project("{2150E333-8FDC-42A3-9474-1A3956D46DE8}") = "BuildingBlocks", "BuildingBlocks", "{E2C1D46D-EB0F-44A9-BAA9-7840734CEB2B}"
EndProject
Project("{2150E333-8FDC-42A3-9474-1A3956D46DE8}") = "Catalog", "Catalog", "{908426E5-9D95-40E3-B5BB-50CB3B23D839}"
EndProject
Project("{2150E333-8FDC-42A3-9474-1A3956D46DE8}") = "Cart", "Cart", "{1A71B69E-C430-43D9-AEB9-C03D53F9C140}"
EndProject
Project("{FAE04EC0-301F-11D3-BF4B-00C04F79EFBC}") = "Auth.API", "src\Services\Auth\Auth.API\Auth.API.csproj", "{4DA064B4-69BC-4660-AFD0-A7BC5B9A5680}"
EndProject
Project("{FAE04EC0-301F-11D3-BF4B-00C04F79EFBC}") = "Cart.API", "src\Services\Cart\Cart.API\Cart.API.csproj", "{275C91E6-474F-44FD-8488-0919312F7D45}"
EndProject
Project("{FAE04EC0-301F-11D3-BF4B-00C04F79EFBC}") = "Catalog.API", "src\Services\Catalog\Catalog.API\Catalog.API.csproj", "{FD5AA835-CB52-4282-987A-033FD1A240BF}"
EndProject
Project("{2150E333-8FDC-42A3-9474-1A3956D46DE8}") = "Notifications", "Notifications", "{27ADB609-C068-4B4D-A9D6-2C7E37D93B07}"
EndProject
Project("{FAE04EC0-301F-11D3-BF4B-00C04F79EFBC}") = "Notifications.API", "src\Services\Notifications\Notifications.API\Notifications.API.csproj", "{1EDBC3A0-CE33-43CD-8806-358CEC139AB3}"
EndProject
Project("{FAE04EC0-301F-11D3-BF4B-00C04F79EFBC}") = "Common", "src\Common\Common.csproj", "{D027ABF3-9DAE-4170-8C64-3D82DF9C2080}"
EndProject
Project("{FAE04EC0-301F-11D3-BF4B-00C04F79EFBC}") = "Auth.Core", "src\Services\Auth\Auth.Core\Auth.Core.csproj", "{1A5E9E85-9DCE-4179-8027-778AE6248B26}"
EndProject
Project("{FAE04EC0-301F-11D3-BF4B-00C04F79EFBC}") = "Auth.Application", "src\Services\Auth\Auth.Application\Auth.Application.csproj", "{FDD1E689-65F9-43A5-B28D-35683E8EF92C}"
EndProject
Project("{FAE04EC0-301F-11D3-BF4B-00C04F79EFBC}") = "Auth.Infrastructure", "src\Services\Auth\Auth.Infrastructure\Auth.Infrastructure.csproj", "{864C0357-7413-46AB-AA1C-24AEF58882DF}"
EndProject
Project("{2150E333-8FDC-42A3-9474-1A3956D46DE8}") = "tests", "tests", "{443B4D02-B586-4BA1-8106-FCDFE4C38A67}"
EndProject
Project("{FAE04EC0-301F-11D3-BF4B-00C04F79EFBC}") = "Store.Tests", "tests\Store.Tests\Store.Tests.csproj", "{2B01268B-7C6F-4481-958B-BFAF2DB944EC}"
EndProject
Global
	GlobalSection(SolutionConfigurationPlatforms) = preSolution
		Debug|Any CPU = Debug|Any CPU
		Debug|x64 = Debug|x64
		Debug|x86 = Debug|x86
		Release|Any CPU = Release|Any CPU
		Release|x64 = Release|x64
		Release|x86 = Release|x86
	EndGlobalSection
	GlobalSection(ProjectConfigurationPlatforms) = postSolution
		{06AD1ECF-2DC3-4BB0-A2FB-D4B2930D222A}.Debug|Any CPU.ActiveCfg = Debug|Any CPU
		{06AD1ECF-2DC3-4BB0-A2FB-D4B2930D222A}.Debug|Any CPU.Build.0 = Debug|Any CPU
		{06AD1ECF-2DC3-4BB0-A2FB-D4B2930D222A}.Debug|x64.ActiveCfg = Debug|Any CPU
		{06AD1ECF-2DC3-4BB0-A2FB-D4B2930D222A}.Debug|x64.Build.0 = Debug|Any CPU
		{06AD1ECF-2DC3-4BB0-A2FB-D4B2930D222A}.Debug|x86.ActiveCfg = Debug|Any CPU
		{06AD1ECF-2DC3-4BB0-A2FB-D4B2930D222A}.Debug|x86.Build.0 = Debug|Any CPU
		{06AD1ECF-2DC3-4BB0-A2FB-D4B2930D222A}.Release|Any CPU.ActiveCfg = Release|Any CPU
		{06AD1ECF-2DC3-4BB0-A2FB-D4B2930D222A}.Release|Any CPU.Build.0 = Release|Any CPU
		{06AD1ECF-2DC3-4BB0-A2FB-D4B2930D222A}.Release|x64.ActiveCfg = Release|Any CPU
		{06AD1ECF-2DC3-4BB0-A2FB-D4B2930D222A}.Release|x64.Build.0 = Release|Any CPU
		{06AD1ECF-2DC3-4BB0-A2FB-D4B2930D222A}.Release|x86.ActiveCfg = Release|Any CPU
		{06AD1ECF-2DC3-4BB0-A2FB-D4B2930D222A}.Release|x86.Build.0 = Release|Any CPU
		{6981251E-01C7-4F55-92CA-EDE5E8059197}.Debug|Any CPU.ActiveCfg = Debug|Any CPU
		{6981251E-01C7-4F55-92CA-EDE5E8059197}.Debug|Any CPU.Build.0 = Debug|Any CPU
		{6981251E-01C7-4F55-92CA-EDE5E8059197}.Debug|x64.ActiveCfg = Debug|Any CPU
		{6981251E-01C7-4F55-92CA-EDE5E8059197}.Debug|x64.Build.0 = Debug|Any CPU
		{6981251E-01C7-4F55-92CA-EDE5E8059197}.Debug|x86.ActiveCfg = Debug|Any CPU
		{6981251E-01C7-4F55-92CA-EDE5E8059197}.Debug|x86.Build.0 = Debug|Any CPU
		{6981251E-01C7-4F55-92CA-EDE5E8059197}.Release|Any CPU.ActiveCfg = Release|Any CPU
		{6981251E-01C7-4F55-92CA-EDE5E8059197}.Release|Any CPU.Build.0 = Release|Any CPU
		{6981251E-01C7-4F55-92CA-EDE5E8059197}.Release|x64.ActiveCfg = Release|Any CPU
		{6981251E-01C7-4F55-92CA-EDE5E8059197}.Release|x64.Build.0 = Release|Any CPU
		{6981251E-01C7-4F55-92CA-EDE5E8059197}.Release|x86.ActiveCfg = Release|Any CPU
		{6981251E-01C7-4F55-92CA-EDE5E8059197}.Release|x86.Build.0 = Release|Any CPU
		{4DA064B4-69BC-4660-AFD0-A7BC5B9A5680}.Debug|Any CPU.ActiveCfg = Debug|Any CPU
		{4DA064B4-69BC-4660-AFD0-A7BC5B9A5680}.Debug|Any CPU.Build.0 = Debug|Any CPU
		{4DA064B4-69BC-4660-AFD0-A7BC5B9A5680}.Debug|x64.ActiveCfg = Debug|Any CPU
		{4DA064B4-69BC-4660-AFD0-A7BC5B9A5680}.Debug|x64.Build.0 = Debug|Any CPU
		{4DA064B4-69BC-4660-AFD0-A7BC5B9A5680}.Debug|x86.ActiveCfg = Debug|Any CPU
		{4DA064B4-69BC-4660-AFD0-A7BC5B9A5680}.Debug|x86.Build.0 = Debug|Any CPU
		{4DA064B4-69BC-4660-AFD0-A7BC5B9A5680}.Release|Any CPU.ActiveCfg = Release|Any CPU
		{4DA064B4-69BC-4660-AFD0-A7BC5B9A5680}.Release|Any CPU.Build.0 = Release|Any CPU
		{4DA064B4-69BC-4660-AFD0-A7BC5B9A5680}.Release|x64.ActiveCfg = Release|Any CPU
		{4DA064B4-69BC-4660-AFD0-A7BC5B9A5680}.Release|x64.Build.0 = Release|Any CPU
		{4DA064B4-69BC-4660-AFD0-A7BC5B9A5680}.Release|x86.ActiveCfg = Release|Any CPU
		{4DA064B4-69BC-4660-AFD0-A7BC5B9A5680}.Release|x86.Build.0 = Release|Any CPU
		{275C91E6-474F-44FD-8488-0919312F7D45}.Debug|Any CPU.ActiveCfg = Debug|Any CPU
		{275C91E6-474F-44FD-8488-0919312F7D45}.Debug|Any CPU.Build.0 = Debug|Any CPU
		{275C91E6-474F-44FD-8488-0919312F7D45}.Debug|x64.ActiveCfg = Debug|Any CPU
		{275C91E6-474F-44FD-8488-0919312F7D45}.Debug|x64.Build.0 = Debug|Any CPU
		{275C91E6-474F-44FD-8488-0919312F7D45}.Debug|x86.ActiveCfg = Debug|Any CPU
		{275C91E6-474F-44FD-8488-0919312F7D45}.Debug|x86.Build.0 = Debug|Any CPU
		{275C91E6-474F-44FD-8488-0919312F7D45}.Release|Any CPU.ActiveCfg = Release|Any CPU
		{275C91E6-474F-44FD-8488-0919312F7D45}.Release|Any CPU.Build.0 = Release|Any CPU
		{275C91E6-474F-44FD-8488-0919312F7D45}.Release|x64.ActiveCfg = Release|Any CPU
		{275C91E6-474F-44FD-8488-0919312F7D45}.Release|x64.Build.0 = Release|Any CPU
		{275C91E6-474F-44FD-8488-0919312F7D45}.Release|x86.ActiveCfg = Release|Any CPU
		{275C91E6-474F-44FD-8488-0919312F7D45}.Release|x86.Build.0 = Release|Any CPU
		{FD5AA835-CB52-4282-987A-033FD1A240BF}.Debug|Any CPU.ActiveCfg = Debug|Any CPU
		{FD5AA835-CB52-4282-987A-033FD1A240BF}.Debug|Any CPU.Build.0 = Debug|Any CPU
		{FD5AA835-CB52-4282-987A-033FD1A240BF}.Debug|x64.ActiveCfg = Debug|Any CPU
		{FD5AA835-CB52-4282-987A-033FD1A240BF}.Debug|x64.Build.0 = Debug|Any CPU
		{FD5AA835-CB52-4282-987A-033FD1A240BF}.Debug|x86.ActiveCfg = Debug|Any CPU
		{FD5AA835-CB52-4282-987A-033FD1A240BF}.Debug|x86.Build.0 = Debug|Any CPU
		{FD5AA835-CB52-4282-987A-033FD1A240BF}.Release|Any CPU.ActiveCfg = Release|Any CPU
		{FD5AA835-CB52-4282-987A-033FD1A240BF}.Release|Any CPU.Build.0 = Release|Any CPU
		{FD5AA835-CB52-4282-987A-033FD1A240BF}.Release|x64.ActiveCfg = Release|Any CPU
		{FD5AA835-CB52-4282-987A-033FD1A240BF}.Release|x64.Build.0 = Release|Any CPU
		{FD5AA835-CB52-4282-987A-033FD1A240BF}.Release|x86.ActiveCfg = Release|Any CPU
		{FD5AA835-CB52-4282-987A-033FD1A240BF}.Release|x86.Build.0 = Release|Any CPU
		{1EDBC3A0-CE33-43CD-8806-358CEC139AB3}.Debug|Any CPU.ActiveCfg = Debug|Any CPU
		{1EDBC3A0-CE33-43CD-8806-358CEC139AB3}.Debug|Any CPU.Build.0 = Debug|Any CPU
		{1EDBC3A0-CE33-43CD-8806-358CEC139AB3}.Debug|x64.ActiveCfg = Debug|Any CPU
		{1EDBC3A0-CE33-43CD-8806-358CEC139AB3}.Debug|x64.Build.0 = Debug|Any CPU
		{1EDBC3A0-CE33-43CD-8806-358CEC139AB3}.Debug|x86.ActiveCfg = Debug|Any CPU
		{1EDBC3A0-CE33-43CD-8806-358CEC139AB3}.Debug|x86.Build.0 = Debug|Any CPU
		{1EDBC3A0-CE33-43CD-8806-358CEC139AB3}.Release|Any CPU.ActiveCfg = Release|Any CPU
		{1EDBC3A0-CE33-43CD-8806-358CEC139AB3}.Release|Any CPU.Build.0 = Release|Any CPU
		{1EDBC3A0-CE33-43CD-8806-358CEC139AB3}.Release|x64.ActiveCfg = Release|Any CPU
		{1EDBC3A0-CE33-43CD-8806-358CEC139AB3}.Release|x64.Build.0 = Release|Any CPU
		{1EDBC3A0-CE33-43CD-8806-358CEC139AB3}.Release|x86.ActiveCfg = Release|Any CPU
		{1EDBC3A0-CE33-43CD-8806-358CEC139AB3}.Release|x86.Build.0 = Release|Any CPU
		{D027ABF3-9DAE-4170-8C64-3D82DF9C2080}.Debug|Any CPU.ActiveCfg = Debug|Any CPU
		{D027ABF3-9DAE-4170-8C64-3D82DF9C2080}.Debug|Any CPU.Build.0 = Debug|Any CPU
		{D027ABF3-9DAE-4170-8C64-3D82DF9C2080}.Debug|x64.ActiveCfg = Debug|Any CPU
		{D027ABF3-9DAE-4170-8C64-3D82DF9C2080}.Debug|x64.Build.0 = Debug|Any CPU
		{D027ABF3-9DAE-4170-8C64-3D82DF9C2080}.Debug|x86.ActiveCfg = Debug|Any CPU
		{D027ABF3-9DAE-4170-8C64-3D82DF9C2080}.Debug|x86.Build.0 = Debug|Any CPU
		{D027ABF3-9DAE-4170-8C64-3D82DF9C2080}.Release|Any CPU.ActiveCfg = Release|Any CPU
		{D027ABF3-9DAE-4170-8C64-3D82DF9C2080}.Release|Any CPU.Build.0 = Release|Any CPU
		{D027ABF3-9DAE-4170-8C64-3D82DF9C2080}.Release|x64.ActiveCfg = Release|Any CPU
		{D027ABF3-9DAE-4170-8C64-3D82DF9C2080}.Release|x64.Build.0 = Release|Any CPU
		{D027ABF3-9DAE-4170-8C64-3D82DF9C2080}.Release|x86.ActiveCfg = Release|Any CPU
		{D027ABF3-9DAE-4170-8C64-3D82DF9C2080}.Release|x86.Build.0 = Release|Any CPU
		{1A5E9E85-9DCE-4179-8027-778AE6248B26}.Debug|Any CPU.ActiveCfg = Debug|Any CPU
		{1A5E9E85-9DCE-4179-8027-778AE6248B26}.Debug|Any CPU.Build.0 = Debug|Any CPU
		{1A5E9E85-9DCE-4179-8027-778AE6248B26}.Debug|x64.ActiveCfg = Debug|Any CPU
		{1A5E9E85-9DCE-4179-8027-778AE6248B26}.Debug|x64.Build.0 = Debug|Any CPU
		{1A5E9E85-9DCE-4179-8027-778AE6248B26}.Debug|x86.ActiveCfg = Debug|Any CPU
		{1A5E9E85-9DCE-4179-8027-778AE6248B26}.Debug|x86.Build.0 = Debug|Any CPU
		{1A5E9E85-9DCE-4179-8027-778AE6248B26}.Release|Any CPU.ActiveCfg = Release|Any CPU
		{1A5E9E85-9DCE-4179-8027-778AE6248B26}.Release|Any CPU.Build.0 = Release|Any CPU
		{1A5E9E85-9DCE-4179-8027-778AE6248B26}.Release|x64.ActiveCfg = Release|Any CPU
		{1A5E9E85-9DCE-4179-8027-778AE6248B26}.Release|x64.Build.0 = Release|Any CPU
		{1A5E9E85-9DCE-4179-8027-778AE6248B26}.Release|x86.ActiveCfg = Release|Any CPU
		{1A5E9E85-9DCE-4179-8027-778AE6248B26}.Release|x86.Build.0 = Release|Any CPU
		{FDD1E689-65F9-43A5-B28D-35683E8EF92C}.Debug|Any CPU.ActiveCfg = Debug|Any CPU
		{FDD1E689-65F9-43A5-B28D-35683E8EF92C}.Debug|Any CPU.Build.0 = Debug|Any CPU
		{FDD1E689-65F9-43A5-B28D-35683E8EF92C}.Debug|x64.ActiveCfg = Debug|Any CPU
		{FDD1E689-65F9-43A5-B28D-35683E8EF92C}.Debug|x64.Build.0 = Debug|Any CPU
		{FDD1E689-65F9-43A5-B28D-35683E8EF92C}.Debug|x86.ActiveCfg = Debug|Any CPU
		{FDD1E689-65F9-43A5-B28D-35683E8EF92C}.Debug|x86.Build.0 = Debug|Any CPU
		{FDD1E689-65F9-43A5-B28D-35683E8EF92C}.Release|Any CPU.ActiveCfg = Release|Any CPU
		{FDD1E689-65F9-43A5-B28D-35683E8EF92C}.Release|Any CPU.Build.0 = Release|Any CPU
		{FDD1E689-65F9-43A5-B28D-35683E8EF92C}.Release|x64.ActiveCfg = Release|Any CPU
		{FDD1E689-65F9-43A5-B28D-35683E8EF92C}.Release|x64.Build.0 = Release|Any CPU
		{FDD1E689-65F9-43A5-B28D-35683E8EF92C}.Release|x86.ActiveCfg = Release|Any CPU
		{FDD1E689-65F9-43A5-B28D-35683E8EF92C}.Release|x86.Build.0 = Release|Any CPU
		{864C0357-7413-46AB-AA1C-24AEF58882DF}.Debug|Any CPU.ActiveCfg = Debug|Any CPU
		{864C0357-7413-46AB-AA1C-24AEF58882DF}.Debug|Any CPU.Build.0 = Debug|Any CPU
		{864C0357-7413-46AB-AA1C-24AEF58882DF}.Debug|x64.ActiveCfg = Debug|Any CPU
		{864C0357-7413-46AB-AA1C-24AEF58882DF}.Debug|x64.Build.0 = Debug|Any CPU
		{864C0357-7413-46AB-AA1C-24AEF58882DF}.Debug|x86.ActiveCfg = Debug|Any CPU
		{864C0357-7413-46AB-AA1C-24AEF58882DF}.Debug|x86.Build.0 = Debug|Any CPU
		{864C0357-7413-46AB-AA1C-24AEF58882DF}.Release|Any CPU.ActiveCfg = Release|Any CPU
		{864C0357-7413-46AB-AA1C-24AEF58882DF}.Release|Any CPU.Build.0 = Release|Any CPU
		{864C0357-7413-46AB-AA1C-24AEF58882DF}.Release|x64.ActiveCfg = Release|Any CPU
		{864C0357-7413-46AB-AA1C-24AEF58882DF}.Release|x64.Build.0 = Release|Any CPU
		{864C0357-7413-46AB-AA1C-24AEF58882DF}.Release|x86.ActiveCfg = Release|Any CPU
		{864C0357-7413-46AB-AA1C-24AEF58882DF}.Release|x86.Build.0 = Release|Any CPU
		{2B01268B-7C6F-4481-958B-BFAF2DB944EC}.Debug|Any CPU.ActiveCfg = Debug|Any CPU
		{2B01268B-7C6F-4481-958B-BFAF2DB944EC}.Debug|Any CPU.Build.0 = Debug|Any CPU
		{2B01268B-7C6F-4481-958B-BFAF2DB944EC}.Debug|x64.ActiveCfg = Debug|Any CPU
		{2B01268B-7C6F-4481-958B-BFAF2DB944EC}.Debug|x64.Build.0 = Debug|Any CPU
		{2B01268B-7C6F-4481-958B-BFAF2DB944EC}.Debug|x86.ActiveCfg = Debug|Any CPU
		{2B01268B-7C6F-4481-958B-BFAF2DB944EC}.Debug|x86.Build.0 = Debug|Any CPU
		{2B01268B-7C6F-4481-958B-BFAF2DB944EC}.Release|Any CPU.ActiveCfg = Release|Any CPU
		{2B01268B-7C6F-4481-958B-BFAF2DB944EC}.Release|Any CPU.Build.0 = Release|Any CPU
		{2B01268B-7C6F-4481-958B-BFAF2DB944EC}.Release|x64.ActiveCfg = Release|Any CPU
		{2B01268B-7C6F-4481-958B-BFAF2DB944EC}.Release|x64.Build.0 = Release|Any CPU
		{2B01268B-7C6F-4481-958B-BFAF2DB944EC}.Release|x86.ActiveCfg = Release|Any CPU
		{2B01268B-7C6F-4481-958B-BFAF2DB944EC}.Release|x86.Build.0 = Release|Any CPU
	EndGlobalSection
	GlobalSection(SolutionProperties) = preSolution
		HideSolutionNode = FALSE
	EndGlobalSection
	GlobalSection(NestedProjects) = preSolution
		{06AD1ECF-2DC3-4BB0-A2FB-D4B2930D222A} = {2C778FF8-4004-41A5-A492-00FB17E3BEE8}
		{6981251E-01C7-4F55-92CA-EDE5E8059197} = {2C778FF8-4004-41A5-A492-00FB17E3BEE8}
		{74ABE1A3-178C-4257-81B2-C40BAA4C05C9} = {2C778FF8-4004-41A5-A492-00FB17E3BEE8}
		{7832BFA6-E97F-48E9-9406-8FCC785CFDF0} = {74ABE1A3-178C-4257-81B2-C40BAA4C05C9}
		{E2C1D46D-EB0F-44A9-BAA9-7840734CEB2B} = {2C778FF8-4004-41A5-A492-00FB17E3BEE8}
		{908426E5-9D95-40E3-B5BB-50CB3B23D839} = {74ABE1A3-178C-4257-81B2-C40BAA4C05C9}
		{1A71B69E-C430-43D9-AEB9-C03D53F9C140} = {74ABE1A3-178C-4257-81B2-C40BAA4C05C9}
		{4DA064B4-69BC-4660-AFD0-A7BC5B9A5680} = {7832BFA6-E97F-48E9-9406-8FCC785CFDF0}
		{275C91E6-474F-44FD-8488-0919312F7D45} = {1A71B69E-C430-43D9-AEB9-C03D53F9C140}
		{FD5AA835-CB52-4282-987A-033FD1A240BF} = {908426E5-9D95-40E3-B5BB-50CB3B23D839}
		{27ADB609-C068-4B4D-A9D6-2C7E37D93B07} = {74ABE1A3-178C-4257-81B2-C40BAA4C05C9}
		{1EDBC3A0-CE33-43CD-8806-358CEC139AB3} = {27ADB609-C068-4B4D-A9D6-2C7E37D93B07}
		{D027ABF3-9DAE-4170-8C64-3D82DF9C2080} = {E2C1D46D-EB0F-44A9-BAA9-7840734CEB2B}
		{1A5E9E85-9DCE-4179-8027-778AE6248B26} = {7832BFA6-E97F-48E9-9406-8FCC785CFDF0}
		{FDD1E689-65F9-43A5-B28D-35683E8EF92C} = {7832BFA6-E97F-48E9-9406-8FCC785CFDF0}
		{864C0357-7413-46AB-AA1C-24AEF58882DF} = {7832BFA6-E97F-48E9-9406-8FCC785CFDF0}
		{2B01268B-7C6F-4481-958B-BFAF2DB944EC} = {443B4D02-B586-4BA1-8106-FCDFE4C38A67}
	EndGlobalSection
EndGlobal
